<Solution>
  <Project Path="src/Modules/WorkoutApplication.Modules.Exercises/WorkoutApplication.Modules.Exercises.csproj" />
  <Project Path="src/Modules/WorkoutApplication.Modules.Routines/WorkoutApplication.Modules.Routines.csproj" />
  <Project Path="src/Modules/WorkoutApplication.Modules.Sessions/WorkoutApplication.Modules.Sessions.csproj" />
  <Project Path="src/Modules/WorkoutApplication.Modules.Users/WorkoutApplication.Modules.Users.csproj" Id="b75c6e68-a108-45ad-9ad2-f5651e98c0ca" />
  <Project Path="src/Modules/WorkoutApplication.Shared/WorkoutApplication.Shared.csproj" />
  <Project Path="src/WorkoutApplication/WorkoutApplication.csproj" />
  <Project Path="WorkoutApplication.Modules.Exercises.Test/WorkoutApplication.Modules.Exercises.Test.csproj" Id="fe4fb4fc-e396-4d6c-a28b-b4bdbe7d0cbf" />
  <Project Path="WorkoutApplication.Modules.Routines.Test/WorkoutApplication.Modules.Routines.Test.csproj" Id="203741f1-5636-45c9-8336-1197aef048c6" />
  <Project Path="WorkoutApplication.Modules.Users.Test/WorkoutApplication.Modules.Users.Test.csproj" Id="00aef4e2-2733-4083-8360-e8d8d27e701a" />
</Solution>
